
Microsoft Visual Studio Solution File, Format Version 12.00
# Visual Studio Version 17
VisualStudioVersion = 17.11.35431.28
MinimumVisualStudioVersion = 10.0.40219.1
Project("{FAE04EC0-301F-11D3-BF4B-00C04F79EFBC}") = "WebGUI", "WebGUI\WebGUI.csproj", "{184BE38A-D8CA-4F20-95D9-790365A16716}"
EndProject
Project("{FAE04EC0-301F-11D3-BF4B-00C04F79EFBC}") = "DAL", "DAL\DAL.csproj", "{BF138C0E-5792-4898-87AE-D7B4BD20E5D5}"
EndProject
Project("{FAE04EC0-301F-11D3-BF4B-00C04F79EFBC}") = "DTO", "DTO\DTO.csproj", "{36B383B0-3C2E-4B97-87F6-D321AC7207A4}"
EndProject
Project("{FAE04EC0-301F-11D3-BF4B-00C04F79EFBC}") = "BLL", "BLL\BLL.csproj", "{894DE104-518E-491E-A4C0-CCF2E6A28591}"
EndProject
Project("{FAE04EC0-301F-11D3-BF4B-00C04F79EFBC}") = "WPFApp", "WPFApp\WPFApp.csproj", "{BA3F97FA-2057-4CAC-9D9C-9A09965F890A}"
EndProject
Global
	GlobalSection(SolutionConfigurationPlatforms) = preSolution
		Debug|Any CPU = Debug|Any CPU
		Release|Any CPU = Release|Any CPU
	EndGlobalSection
	GlobalSection(ProjectConfigurationPlatforms) = postSolution
		{184BE38A-D8CA-4F20-95D9-790365A16716}.Debug|Any CPU.ActiveCfg = Debug|Any CPU
		{184BE38A-D8CA-4F20-95D9-790365A16716}.Debug|Any CPU.Build.0 = Debug|Any CPU
		{184BE38A-D8CA-4F20-95D9-790365A16716}.Release|Any CPU.ActiveCfg = Release|Any CPU
		{184BE38A-D8CA-4F20-95D9-790365A16716}.Release|Any CPU.Build.0 = Release|Any CPU
		{BF138C0E-5792-4898-87AE-D7B4BD20E5D5}.Debug|Any CPU.ActiveCfg = Debug|Any CPU
		{BF138C0E-5792-4898-87AE-D7B4BD20E5D5}.Debug|Any CPU.Build.0 = Debug|Any CPU
		{BF138C0E-5792-4898-87AE-D7B4BD20E5D5}.Release|Any CPU.ActiveCfg = Release|Any CPU
		{BF138C0E-5792-4898-87AE-D7B4BD20E5D5}.Release|Any CPU.Build.0 = Release|Any CPU
		{36B383B0-3C2E-4B97-87F6-D321AC7207A4}.Debug|Any CPU.ActiveCfg = Debug|Any CPU
		{36B383B0-3C2E-4B97-87F6-D321AC7207A4}.Debug|Any CPU.Build.0 = Debug|Any CPU
		{36B383B0-3C2E-4B97-87F6-D321AC7207A4}.Release|Any CPU.ActiveCfg = Release|Any CPU
		{36B383B0-3C2E-4B97-87F6-D321AC7207A4}.Release|Any CPU.Build.0 = Release|Any CPU
		{894DE104-518E-491E-A4C0-CCF2E6A28591}.Debug|Any CPU.ActiveCfg = Debug|Any CPU
		{894DE104-518E-491E-A4C0-CCF2E6A28591}.Debug|Any CPU.Build.0 = Debug|Any CPU
		{894DE104-518E-491E-A4C0-CCF2E6A28591}.Release|Any CPU.ActiveCfg = Release|Any CPU
		{894DE104-518E-491E-A4C0-CCF2E6A28591}.Release|Any CPU.Build.0 = Release|Any CPU
		{BA3F97FA-2057-4CAC-9D9C-9A09965F890A}.Debug|Any CPU.ActiveCfg = Debug|Any CPU
		{BA3F97FA-2057-4CAC-9D9C-9A09965F890A}.Debug|Any CPU.Build.0 = Debug|Any CPU
		{BA3F97FA-2057-4CAC-9D9C-9A09965F890A}.Release|Any CPU.ActiveCfg = Release|Any CPU
		{BA3F97FA-2057-4CAC-9D9C-9A09965F890A}.Release|Any CPU.Build.0 = Release|Any CPU
	EndGlobalSection
	GlobalSection(SolutionProperties) = preSolution
		HideSolutionNode = FALSE
	EndGlobalSection
	GlobalSection(ExtensibilityGlobals) = postSolution
		SolutionGuid = {FBD7139D-3A7B-456A-867B-0E0103D2BA01}
	EndGlobalSection
EndGlobal
